// !$*UTF8*$!
{
	archiveVersion = 1;
	classes = {
	};
	objectVersion = 56;
	objects = {

/* Begin PBXBuildFile section */
		3D4FE4972BFE6CB9008E7FD9 /* CustomTabBar.swift in Sources */ = {isa = PBXBuildFile; fileRef = 3D4FE4962BFE6CB9008E7FD9 /* CustomTabBar.swift */; };
		3D4FE4992BFEB1FB008E7FD9 /* CustomTabBarContainer.swift in Sources */ = {isa = PBXBuildFile; fileRef = 3D4FE4982BFEB1FB008E7FD9 /* CustomTabBarContainer.swift */; };
		3D4FE49B2BFEB5FD008E7FD9 /* TabBarItemsPreferenceKey.swift in Sources */ = {isa = PBXBuildFile; fileRef = 3D4FE49A2BFEB5FD008E7FD9 /* TabBarItemsPreferenceKey.swift */; };
		3D4FE49E2BFEBCD4008E7FD9 /* TabBarItem.swift in Sources */ = {isa = PBXBuildFile; fileRef = 3D4FE49D2BFEBCD4008E7FD9 /* TabBarItem.swift */; };
		3D4FE4A02BFFBF46008E7FD9 /* AddPetButton.swift in Sources */ = {isa = PBXBuildFile; fileRef = 3D4FE49F2BFFBF46008E7FD9 /* AddPetButton.swift */; };
		3D4FE4A22BFFE527008E7FD9 /* ScheduleView.swift in Sources */ = {isa = PBXBuildFile; fileRef = 3D4FE4A12BFFE527008E7FD9 /* ScheduleView.swift */; };
		3D4FE4A42BFFE87B008E7FD9 /* CalendarHelpers.swift in Sources */ = {isa = PBXBuildFile; fileRef = 3D4FE4A32BFFE87B008E7FD9 /* CalendarHelpers.swift */; };
		3D4FE4A62BFFEA01008E7FD9 /* DateEXT.swift in Sources */ = {isa = PBXBuildFile; fileRef = 3D4FE4A52BFFEA01008E7FD9 /* DateEXT.swift */; };
		3D4FE4A82BFFEEE1008E7FD9 /* ViewEXT.swift in Sources */ = {isa = PBXBuildFile; fileRef = 3D4FE4A72BFFEEE1008E7FD9 /* ViewEXT.swift */; };
		3D4FE4AA2C00F2FD008E7FD9 /* PetsView.swift in Sources */ = {isa = PBXBuildFile; fileRef = 3D4FE4A92C00F2FC008E7FD9 /* PetsView.swift */; };
		3D4FE4AC2C014253008E7FD9 /* SettingsView.swift in Sources */ = {isa = PBXBuildFile; fileRef = 3D4FE4AB2C014253008E7FD9 /* SettingsView.swift */; };
		3D4FE4AE2C0149DB008E7FD9 /* SettingsAppearanceView.swift in Sources */ = {isa = PBXBuildFile; fileRef = 3D4FE4AD2C0149DB008E7FD9 /* SettingsAppearanceView.swift */; };
		3D4FE4B02C014A6A008E7FD9 /* ViewModifiers.swift in Sources */ = {isa = PBXBuildFile; fileRef = 3D4FE4AF2C014A6A008E7FD9 /* ViewModifiers.swift */; };
		3D4FE4B22C014AD7008E7FD9 /* SettingsBackButton.swift in Sources */ = {isa = PBXBuildFile; fileRef = 3D4FE4B12C014AD7008E7FD9 /* SettingsBackButton.swift */; };
		3D4FE4B52C03A33E008E7FD9 /* PetDetailsSheet.swift in Sources */ = {isa = PBXBuildFile; fileRef = 3D4FE4B42C03A33D008E7FD9 /* PetDetailsSheet.swift */; };
		3D4FE4B72C04F434008E7FD9 /* SpeciesList.swift in Sources */ = {isa = PBXBuildFile; fileRef = 3D4FE4B62C04F434008E7FD9 /* SpeciesList.swift */; };
		3D4FE4B92C0508B6008E7FD9 /* SexList.swift in Sources */ = {isa = PBXBuildFile; fileRef = 3D4FE4B82C0508B6008E7FD9 /* SexList.swift */; };
		3D4FE4BB2C063E45008E7FD9 /* WaterPetReminderView.swift in Sources */ = {isa = PBXBuildFile; fileRef = 3D4FE4BA2C063E44008E7FD9 /* WaterPetReminderView.swift */; };
		3D6F85172BE5826300C12B15 /* SpoilPetApp.swift in Sources */ = {isa = PBXBuildFile; fileRef = 3D6F85162BE5826300C12B15 /* SpoilPetApp.swift */; };
		3D6F85192BE5826300C12B15 /* ContentView.swift in Sources */ = {isa = PBXBuildFile; fileRef = 3D6F85182BE5826300C12B15 /* ContentView.swift */; };
		3D6F851B2BE5826400C12B15 /* Assets.xcassets in Resources */ = {isa = PBXBuildFile; fileRef = 3D6F851A2BE5826400C12B15 /* Assets.xcassets */; };
		3D6F851E2BE5826400C12B15 /* Preview Assets.xcassets in Resources */ = {isa = PBXBuildFile; fileRef = 3D6F851D2BE5826400C12B15 /* Preview Assets.xcassets */; };
		3D6F85292BE5834F00C12B15 /* ColorEXT.swift in Sources */ = {isa = PBXBuildFile; fileRef = 3D6F85282BE5834F00C12B15 /* ColorEXT.swift */; };
		3D6F852C2BE5838D00C12B15 /* SwiftfulRouting in Frameworks */ = {isa = PBXBuildFile; productRef = 3D6F852B2BE5838D00C12B15 /* SwiftfulRouting */; };
		3D6F852F2BE5839500C12B15 /* SwiftfulUI in Frameworks */ = {isa = PBXBuildFile; productRef = 3D6F852E2BE5839500C12B15 /* SwiftfulUI */; };
		3D6F85312BE5871A00C12B15 /* PetProfile.swift in Sources */ = {isa = PBXBuildFile; fileRef = 3D6F85302BE5871A00C12B15 /* PetProfile.swift */; };
		3D6F85342BE5895900C12B15 /* SDWebImageSwiftUI in Frameworks */ = {isa = PBXBuildFile; productRef = 3D6F85332BE5895900C12B15 /* SDWebImageSwiftUI */; };
		3D6F85362BE5896C00C12B15 /* ImageLoaderView.swift in Sources */ = {isa = PBXBuildFile; fileRef = 3D6F85352BE5896C00C12B15 /* ImageLoaderView.swift */; };
		3D6F85382BE589A100C12B15 /* Constants.swift in Sources */ = {isa = PBXBuildFile; fileRef = 3D6F85372BE589A100C12B15 /* Constants.swift */; };
		3D8834312BE6EC7B007764CD /* NekoImage.swift in Sources */ = {isa = PBXBuildFile; fileRef = 3D8834302BE6EC7B007764CD /* NekoImage.swift */; };
		3DDF99382C0A609B0023B03C /* PetCell.swift in Sources */ = {isa = PBXBuildFile; fileRef = 3DDF99372C0A609B0023B03C /* PetCell.swift */; };
		3DDF993A2C0A62DC0023B03C /* UpdatePetDetailsSheet.swift in Sources */ = {isa = PBXBuildFile; fileRef = 3DDF99392C0A62DC0023B03C /* UpdatePetDetailsSheet.swift */; };
		3DDF993C2C0BDC980023B03C /* Previewer.swift in Sources */ = {isa = PBXBuildFile; fileRef = 3DDF993B2C0BDC980023B03C /* Previewer.swift */; };
		3DDF993E2C0BF2720023B03C /* PhotoPickerVM.swift in Sources */ = {isa = PBXBuildFile; fileRef = 3DDF993D2C0BF2720023B03C /* PhotoPickerVM.swift */; };
		3DDF99402C0E7E180023B03C /* AddFoodView.swift in Sources */ = {isa = PBXBuildFile; fileRef = 3DDF993F2C0E7E180023B03C /* AddFoodView.swift */; };
		3DDF99432C0F65460023B03C /* FloatingSecureField.swift in Sources */ = {isa = PBXBuildFile; fileRef = 3DDF99422C0F65460023B03C /* FloatingSecureField.swift */; };
		3DDF99452C0F65820023B03C /*  FloatingTextField.swift in Sources */ = {isa = PBXBuildFile; fileRef = 3DDF99442C0F65820023B03C /*  FloatingTextField.swift */; };
		3DDF99472C0F65CC0023B03C /* TextFieldModel.swift in Sources */ = {isa = PBXBuildFile; fileRef = 3DDF99462C0F65CC0023B03C /* TextFieldModel.swift */; };
		3DDF99492C0FC10F0023B03C /* MealPlan.swift in Sources */ = {isa = PBXBuildFile; fileRef = 3DDF99482C0FC10F0023B03C /* MealPlan.swift */; };
/* End PBXBuildFile section */

/* Begin PBXFileReference section */
		3D4FE4962BFE6CB9008E7FD9 /* CustomTabBar.swift */ = {isa = PBXFileReference; lastKnownFileType = sourcecode.swift; path = CustomTabBar.swift; sourceTree = "<group>"; };
		3D4FE4982BFEB1FB008E7FD9 /* CustomTabBarContainer.swift */ = {isa = PBXFileReference; lastKnownFileType = sourcecode.swift; path = CustomTabBarContainer.swift; sourceTree = "<group>"; };
		3D4FE49A2BFEB5FD008E7FD9 /* TabBarItemsPreferenceKey.swift */ = {isa = PBXFileReference; lastKnownFileType = sourcecode.swift; path = TabBarItemsPreferenceKey.swift; sourceTree = "<group>"; };
		3D4FE49D2BFEBCD4008E7FD9 /* TabBarItem.swift */ = {isa = PBXFileReference; lastKnownFileType = sourcecode.swift; path = TabBarItem.swift; sourceTree = "<group>"; };
		3D4FE49F2BFFBF46008E7FD9 /* AddPetButton.swift */ = {isa = PBXFileReference; lastKnownFileType = sourcecode.swift; path = AddPetButton.swift; sourceTree = "<group>"; };
		3D4FE4A12BFFE527008E7FD9 /* ScheduleView.swift */ = {isa = PBXFileReference; lastKnownFileType = sourcecode.swift; path = ScheduleView.swift; sourceTree = "<group>"; };
		3D4FE4A32BFFE87B008E7FD9 /* CalendarHelpers.swift */ = {isa = PBXFileReference; lastKnownFileType = sourcecode.swift; path = CalendarHelpers.swift; sourceTree = "<group>"; };
		3D4FE4A52BFFEA01008E7FD9 /* DateEXT.swift */ = {isa = PBXFileReference; lastKnownFileType = sourcecode.swift; path = DateEXT.swift; sourceTree = "<group>"; };
		3D4FE4A72BFFEEE1008E7FD9 /* ViewEXT.swift */ = {isa = PBXFileReference; lastKnownFileType = sourcecode.swift; path = ViewEXT.swift; sourceTree = "<group>"; };
		3D4FE4A92C00F2FC008E7FD9 /* PetsView.swift */ = {isa = PBXFileReference; lastKnownFileType = sourcecode.swift; path = PetsView.swift; sourceTree = "<group>"; };
		3D4FE4AB2C014253008E7FD9 /* SettingsView.swift */ = {isa = PBXFileReference; lastKnownFileType = sourcecode.swift; path = SettingsView.swift; sourceTree = "<group>"; };
		3D4FE4AD2C0149DB008E7FD9 /* SettingsAppearanceView.swift */ = {isa = PBXFileReference; lastKnownFileType = sourcecode.swift; path = SettingsAppearanceView.swift; sourceTree = "<group>"; };
		3D4FE4AF2C014A6A008E7FD9 /* ViewModifiers.swift */ = {isa = PBXFileReference; lastKnownFileType = sourcecode.swift; path = ViewModifiers.swift; sourceTree = "<group>"; };
		3D4FE4B12C014AD7008E7FD9 /* SettingsBackButton.swift */ = {isa = PBXFileReference; lastKnownFileType = sourcecode.swift; path = SettingsBackButton.swift; sourceTree = "<group>"; };
		3D4FE4B42C03A33D008E7FD9 /* PetDetailsSheet.swift */ = {isa = PBXFileReference; lastKnownFileType = sourcecode.swift; path = PetDetailsSheet.swift; sourceTree = "<group>"; };
		3D4FE4B62C04F434008E7FD9 /* SpeciesList.swift */ = {isa = PBXFileReference; lastKnownFileType = sourcecode.swift; path = SpeciesList.swift; sourceTree = "<group>"; };
		3D4FE4B82C0508B6008E7FD9 /* SexList.swift */ = {isa = PBXFileReference; lastKnownFileType = sourcecode.swift; path = SexList.swift; sourceTree = "<group>"; };
		3D4FE4BA2C063E44008E7FD9 /* WaterPetReminderView.swift */ = {isa = PBXFileReference; lastKnownFileType = sourcecode.swift; path = WaterPetReminderView.swift; sourceTree = "<group>"; };
		3D6F85132BE5826300C12B15 /* SpoilPet.app */ = {isa = PBXFileReference; explicitFileType = wrapper.application; includeInIndex = 0; path = SpoilPet.app; sourceTree = BUILT_PRODUCTS_DIR; };
		3D6F85162BE5826300C12B15 /* SpoilPetApp.swift */ = {isa = PBXFileReference; lastKnownFileType = sourcecode.swift; path = SpoilPetApp.swift; sourceTree = "<group>"; };
		3D6F85182BE5826300C12B15 /* ContentView.swift */ = {isa = PBXFileReference; lastKnownFileType = sourcecode.swift; path = ContentView.swift; sourceTree = "<group>"; };
		3D6F851A2BE5826400C12B15 /* Assets.xcassets */ = {isa = PBXFileReference; lastKnownFileType = folder.assetcatalog; path = Assets.xcassets; sourceTree = "<group>"; };
		3D6F851D2BE5826400C12B15 /* Preview Assets.xcassets */ = {isa = PBXFileReference; lastKnownFileType = folder.assetcatalog; path = "Preview Assets.xcassets"; sourceTree = "<group>"; };
		3D6F85282BE5834F00C12B15 /* ColorEXT.swift */ = {isa = PBXFileReference; lastKnownFileType = sourcecode.swift; path = ColorEXT.swift; sourceTree = "<group>"; };
		3D6F85302BE5871A00C12B15 /* PetProfile.swift */ = {isa = PBXFileReference; lastKnownFileType = sourcecode.swift; path = PetProfile.swift; sourceTree = "<group>"; };
		3D6F85352BE5896C00C12B15 /* ImageLoaderView.swift */ = {isa = PBXFileReference; lastKnownFileType = sourcecode.swift; path = ImageLoaderView.swift; sourceTree = "<group>"; };
		3D6F85372BE589A100C12B15 /* Constants.swift */ = {isa = PBXFileReference; lastKnownFileType = sourcecode.swift; path = Constants.swift; sourceTree = "<group>"; };
		3D8834302BE6EC7B007764CD /* NekoImage.swift */ = {isa = PBXFileReference; lastKnownFileType = sourcecode.swift; path = NekoImage.swift; sourceTree = "<group>"; };
		3DDF99372C0A609B0023B03C /* PetCell.swift */ = {isa = PBXFileReference; lastKnownFileType = sourcecode.swift; path = PetCell.swift; sourceTree = "<group>"; };
		3DDF99392C0A62DC0023B03C /* UpdatePetDetailsSheet.swift */ = {isa = PBXFileReference; lastKnownFileType = sourcecode.swift; path = UpdatePetDetailsSheet.swift; sourceTree = "<group>"; };
		3DDF993B2C0BDC980023B03C /* Previewer.swift */ = {isa = PBXFileReference; lastKnownFileType = sourcecode.swift; path = Previewer.swift; sourceTree = "<group>"; };
		3DDF993D2C0BF2720023B03C /* PhotoPickerVM.swift */ = {isa = PBXFileReference; lastKnownFileType = sourcecode.swift; path = PhotoPickerVM.swift; sourceTree = "<group>"; };
		3DDF993F2C0E7E180023B03C /* AddFoodView.swift */ = {isa = PBXFileReference; lastKnownFileType = sourcecode.swift; path = AddFoodView.swift; sourceTree = "<group>"; };
		3DDF99422C0F65460023B03C /* FloatingSecureField.swift */ = {isa = PBXFileReference; lastKnownFileType = sourcecode.swift; path = FloatingSecureField.swift; sourceTree = "<group>"; };
		3DDF99442C0F65820023B03C /*  FloatingTextField.swift */ = {isa = PBXFileReference; lastKnownFileType = sourcecode.swift; path = " FloatingTextField.swift"; sourceTree = "<group>"; };
		3DDF99462C0F65CC0023B03C /* TextFieldModel.swift */ = {isa = PBXFileReference; lastKnownFileType = sourcecode.swift; path = TextFieldModel.swift; sourceTree = "<group>"; };
		3DDF99482C0FC10F0023B03C /* MealPlan.swift */ = {isa = PBXFileReference; lastKnownFileType = sourcecode.swift; path = MealPlan.swift; sourceTree = "<group>"; };
/* End PBXFileReference section */

/* Begin PBXFrameworksBuildPhase section */
		3D6F85102BE5826300C12B15 /* Frameworks */ = {
			isa = PBXFrameworksBuildPhase;
			buildActionMask = 2147483647;
			files = (
				3D6F85342BE5895900C12B15 /* SDWebImageSwiftUI in Frameworks */,
				3D6F852F2BE5839500C12B15 /* SwiftfulUI in Frameworks */,
				3D6F852C2BE5838D00C12B15 /* SwiftfulRouting in Frameworks */,
			);
			runOnlyForDeploymentPostprocessing = 0;
		};
/* End PBXFrameworksBuildPhase section */

/* Begin PBXGroup section */
		3D4FE49C2BFEBC3F008E7FD9 /* CustomTabBarFiles */ = {
			isa = PBXGroup;
			children = (
				3D4FE4962BFE6CB9008E7FD9 /* CustomTabBar.swift */,
				3D4FE49D2BFEBCD4008E7FD9 /* TabBarItem.swift */,
				3D4FE4982BFEB1FB008E7FD9 /* CustomTabBarContainer.swift */,
				3D4FE49A2BFEB5FD008E7FD9 /* TabBarItemsPreferenceKey.swift */,
			);
			path = CustomTabBarFiles;
			sourceTree = "<group>";
		};
		3D4FE4B32C014B27008E7FD9 /* TempImages */ = {
			isa = PBXGroup;
			children = (
				3D6F85372BE589A100C12B15 /* Constants.swift */,
				3D6F85352BE5896C00C12B15 /* ImageLoaderView.swift */,
				3D8834302BE6EC7B007764CD /* NekoImage.swift */,
			);
			path = TempImages;
			sourceTree = "<group>";
		};
		3D6F850A2BE5826300C12B15 = {
			isa = PBXGroup;
			children = (
				3D6F85152BE5826300C12B15 /* SpoilPet */,
				3D6F85142BE5826300C12B15 /* Products */,
			);
			sourceTree = "<group>";
		};
		3D6F85142BE5826300C12B15 /* Products */ = {
			isa = PBXGroup;
			children = (
				3D6F85132BE5826300C12B15 /* SpoilPet.app */,
			);
			name = Products;
			sourceTree = "<group>";
		};
		3D6F85152BE5826300C12B15 /* SpoilPet */ = {
			isa = PBXGroup;
			children = (
				3D6F85162BE5826300C12B15 /* SpoilPetApp.swift */,
				3D6F85242BE582C400C12B15 /* MainViews */,
				3D6F85262BE582DB00C12B15 /* Helpers */,
				3D6F851A2BE5826400C12B15 /* Assets.xcassets */,
				3D6F851C2BE5826400C12B15 /* Preview Content */,
			);
			path = SpoilPet;
			sourceTree = "<group>";
		};
		3D6F851C2BE5826400C12B15 /* Preview Content */ = {
			isa = PBXGroup;
			children = (
				3D6F851D2BE5826400C12B15 /* Preview Assets.xcassets */,
			);
			path = "Preview Content";
			sourceTree = "<group>";
		};
		3D6F85242BE582C400C12B15 /* MainViews */ = {
			isa = PBXGroup;
			children = (
				3D6F85182BE5826300C12B15 /* ContentView.swift */,
				3D4FE4A12BFFE527008E7FD9 /* ScheduleView.swift */,
				3D4FE4A92C00F2FC008E7FD9 /* PetsView.swift */,
				3D4FE4AB2C014253008E7FD9 /* SettingsView.swift */,
				3D6F85252BE582D200C12B15 /* SubViews */,
			);
			path = MainViews;
			sourceTree = "<group>";
		};
		3D6F85252BE582D200C12B15 /* SubViews */ = {
			isa = PBXGroup;
			children = (
				3D4FE49F2BFFBF46008E7FD9 /* AddPetButton.swift */,
				3D4FE4B42C03A33D008E7FD9 /* PetDetailsSheet.swift */,
				3DDF99392C0A62DC0023B03C /* UpdatePetDetailsSheet.swift */,
				3D4FE4AD2C0149DB008E7FD9 /* SettingsAppearanceView.swift */,
				3D4FE4BA2C063E44008E7FD9 /* WaterPetReminderView.swift */,
				3DDF99372C0A609B0023B03C /* PetCell.swift */,
				3DDF993F2C0E7E180023B03C /* AddFoodView.swift */,
			);
			path = SubViews;
			sourceTree = "<group>";
		};
		3D6F85262BE582DB00C12B15 /* Helpers */ = {
			isa = PBXGroup;
			children = (
				3DDF99412C0F65270023B03C /* FloatingTextField */,
				3D4FE49C2BFEBC3F008E7FD9 /* CustomTabBarFiles */,
				3D6F85272BE582E600C12B15 /* EXT */,
				3D4FE4B32C014B27008E7FD9 /* TempImages */,
				3D6F85302BE5871A00C12B15 /* PetProfile.swift */,
				3DDF99482C0FC10F0023B03C /* MealPlan.swift */,
				3D4FE4A32BFFE87B008E7FD9 /* CalendarHelpers.swift */,
				3D4FE4AF2C014A6A008E7FD9 /* ViewModifiers.swift */,
				3D4FE4B12C014AD7008E7FD9 /* SettingsBackButton.swift */,
				3D4FE4B62C04F434008E7FD9 /* SpeciesList.swift */,
				3D4FE4B82C0508B6008E7FD9 /* SexList.swift */,
				3DDF993B2C0BDC980023B03C /* Previewer.swift */,
				3DDF993D2C0BF2720023B03C /* PhotoPickerVM.swift */,
			);
			path = Helpers;
			sourceTree = "<group>";
		};
		3D6F85272BE582E600C12B15 /* EXT */ = {
			isa = PBXGroup;
			children = (
				3D6F85282BE5834F00C12B15 /* ColorEXT.swift */,
				3D4FE4A52BFFEA01008E7FD9 /* DateEXT.swift */,
				3D4FE4A72BFFEEE1008E7FD9 /* ViewEXT.swift */,
			);
			path = EXT;
			sourceTree = "<group>";
		};
		3DDF99412C0F65270023B03C /* FloatingTextField */ = {
			isa = PBXGroup;
			children = (
				3DDF99422C0F65460023B03C /* FloatingSecureField.swift */,
				3DDF99442C0F65820023B03C /*  FloatingTextField.swift */,
				3DDF99462C0F65CC0023B03C /* TextFieldModel.swift */,
			);
			path = FloatingTextField;
			sourceTree = "<group>";
		};
/* End PBXGroup section */

/* Begin PBXNativeTarget section */
		3D6F85122BE5826300C12B15 /* SpoilPet */ = {
			isa = PBXNativeTarget;
			buildConfigurationList = 3D6F85212BE5826400C12B15 /* Build configuration list for PBXNativeTarget "SpoilPet" */;
			buildPhases = (
				3D6F850F2BE5826300C12B15 /* Sources */,
				3D6F85102BE5826300C12B15 /* Frameworks */,
				3D6F85112BE5826300C12B15 /* Resources */,
			);
			buildRules = (
			);
			dependencies = (
			);
			name = SpoilPet;
			packageProductDependencies = (
				3D6F852B2BE5838D00C12B15 /* SwiftfulRouting */,
				3D6F852E2BE5839500C12B15 /* SwiftfulUI */,
				3D6F85332BE5895900C12B15 /* SDWebImageSwiftUI */,
			);
			productName = SpoilPet;
			productReference = 3D6F85132BE5826300C12B15 /* SpoilPet.app */;
			productType = "com.apple.product-type.application";
		};
/* End PBXNativeTarget section */

/* Begin PBXProject section */
		3D6F850B2BE5826300C12B15 /* Project object */ = {
			isa = PBXProject;
			attributes = {
				BuildIndependentTargetsInParallel = 1;
				LastSwiftUpdateCheck = 1530;
				LastUpgradeCheck = 1530;
				TargetAttributes = {
					3D6F85122BE5826300C12B15 = {
						CreatedOnToolsVersion = 15.3;
					};
				};
			};
			buildConfigurationList = 3D6F850E2BE5826300C12B15 /* Build configuration list for PBXProject "SpoilPet" */;
			compatibilityVersion = "Xcode 14.0";
			developmentRegion = en;
			hasScannedForEncodings = 0;
			knownRegions = (
				en,
				Base,
			);
			mainGroup = 3D6F850A2BE5826300C12B15;
			packageReferences = (
				3D6F852A2BE5838D00C12B15 /* XCRemoteSwiftPackageReference "SwiftfulRouting" */,
				3D6F852D2BE5839500C12B15 /* XCRemoteSwiftPackageReference "SwiftfulUI" */,
				3D6F85322BE5895900C12B15 /* XCRemoteSwiftPackageReference "SDWebImageSwiftUI" */,
			);
			productRefGroup = 3D6F85142BE5826300C12B15 /* Products */;
			projectDirPath = "";
			projectRoot = "";
			targets = (
				3D6F85122BE5826300C12B15 /* SpoilPet */,
			);
		};
/* End PBXProject section */

/* Begin PBXResourcesBuildPhase section */
		3D6F85112BE5826300C12B15 /* Resources */ = {
			isa = PBXResourcesBuildPhase;
			buildActionMask = 2147483647;
			files = (
				3D6F851E2BE5826400C12B15 /* Preview Assets.xcassets in Resources */,
				3D6F851B2BE5826400C12B15 /* Assets.xcassets in Resources */,
			);
			runOnlyForDeploymentPostprocessing = 0;
		};
/* End PBXResourcesBuildPhase section */

/* Begin PBXSourcesBuildPhase section */
		3D6F850F2BE5826300C12B15 /* Sources */ = {
			isa = PBXSourcesBuildPhase;
			buildActionMask = 2147483647;
			files = (
				3D6F85192BE5826300C12B15 /* ContentView.swift in Sources */,
				3D6F85312BE5871A00C12B15 /* PetProfile.swift in Sources */,
				3D4FE4992BFEB1FB008E7FD9 /* CustomTabBarContainer.swift in Sources */,
				3DDF993C2C0BDC980023B03C /* Previewer.swift in Sources */,
				3D4FE4AC2C014253008E7FD9 /* SettingsView.swift in Sources */,
				3D4FE4B72C04F434008E7FD9 /* SpeciesList.swift in Sources */,
				3DDF99402C0E7E180023B03C /* AddFoodView.swift in Sources */,
				3D6F85292BE5834F00C12B15 /* ColorEXT.swift in Sources */,
				3D4FE4B02C014A6A008E7FD9 /* ViewModifiers.swift in Sources */,
				3DDF99472C0F65CC0023B03C /* TextFieldModel.swift in Sources */,
				3D4FE4A82BFFEEE1008E7FD9 /* ViewEXT.swift in Sources */,
				3DDF99492C0FC10F0023B03C /* MealPlan.swift in Sources */,
				3D4FE4A62BFFEA01008E7FD9 /* DateEXT.swift in Sources */,
				3D4FE4B52C03A33E008E7FD9 /* PetDetailsSheet.swift in Sources */,
				3D4FE49E2BFEBCD4008E7FD9 /* TabBarItem.swift in Sources */,
				3D4FE4AE2C0149DB008E7FD9 /* SettingsAppearanceView.swift in Sources */,
				3D8834312BE6EC7B007764CD /* NekoImage.swift in Sources */,
				3D4FE4BB2C063E45008E7FD9 /* WaterPetReminderView.swift in Sources */,
				3DDF99452C0F65820023B03C /*  FloatingTextField.swift in Sources */,
				3D4FE4B22C014AD7008E7FD9 /* SettingsBackButton.swift in Sources */,
				3DDF993A2C0A62DC0023B03C /* UpdatePetDetailsSheet.swift in Sources */,
				3DDF99382C0A609B0023B03C /* PetCell.swift in Sources */,
				3D4FE4972BFE6CB9008E7FD9 /* CustomTabBar.swift in Sources */,
				3D4FE4A02BFFBF46008E7FD9 /* AddPetButton.swift in Sources */,
				3D6F85362BE5896C00C12B15 /* ImageLoaderView.swift in Sources */,
				3D4FE4A42BFFE87B008E7FD9 /* CalendarHelpers.swift in Sources */,
				3D6F85172BE5826300C12B15 /* SpoilPetApp.swift in Sources */,
				3D6F85382BE589A100C12B15 /* Constants.swift in Sources */,
				3D4FE4B92C0508B6008E7FD9 /* SexList.swift in Sources */,
				3D4FE4A22BFFE527008E7FD9 /* ScheduleView.swift in Sources */,
				3DDF99432C0F65460023B03C /* FloatingSecureField.swift in Sources */,
				3D4FE49B2BFEB5FD008E7FD9 /* TabBarItemsPreferenceKey.swift in Sources */,
				3D4FE4AA2C00F2FD008E7FD9 /* PetsView.swift in Sources */,
				3DDF993E2C0BF2720023B03C /* PhotoPickerVM.swift in Sources */,
			);
			runOnlyForDeploymentPostprocessing = 0;
		};
/* End PBXSourcesBuildPhase section */

/* Begin XCBuildConfiguration section */
		3D6F851F2BE5826400C12B15 /* Debug */ = {
			isa = XCBuildConfiguration;
			buildSettings = {
				ALWAYS_SEARCH_USER_PATHS = NO;
				ASSETCATALOG_COMPILER_GENERATE_SWIFT_ASSET_SYMBOL_EXTENSIONS = YES;
				CLANG_ANALYZER_NONNULL = YES;
				CLANG_ANALYZER_NUMBER_OBJECT_CONVERSION = YES_AGGRESSIVE;
				CLANG_CXX_LANGUAGE_STANDARD = "gnu++20";
				CLANG_ENABLE_MODULES = YES;
				CLANG_ENABLE_OBJC_ARC = YES;
				CLANG_ENABLE_OBJC_WEAK = YES;
				CLANG_WARN_BLOCK_CAPTURE_AUTORELEASING = YES;
				CLANG_WARN_BOOL_CONVERSION = YES;
				CLANG_WARN_COMMA = YES;
				CLANG_WARN_CONSTANT_CONVERSION = YES;
				CLANG_WARN_DEPRECATED_OBJC_IMPLEMENTATIONS = YES;
				CLANG_WARN_DIRECT_OBJC_ISA_USAGE = YES_ERROR;
				CLANG_WARN_DOCUMENTATION_COMMENTS = YES;
				CLANG_WARN_EMPTY_BODY = YES;
				CLANG_WARN_ENUM_CONVERSION = YES;
				CLANG_WARN_INFINITE_RECURSION = YES;
				CLANG_WARN_INT_CONVERSION = YES;
				CLANG_WARN_NON_LITERAL_NULL_CONVERSION = YES;
				CLANG_WARN_OBJC_IMPLICIT_RETAIN_SELF = YES;
				CLANG_WARN_OBJC_LITERAL_CONVERSION = YES;
				CLANG_WARN_OBJC_ROOT_CLASS = YES_ERROR;
				CLANG_WARN_QUOTED_INCLUDE_IN_FRAMEWORK_HEADER = YES;
				CLANG_WARN_RANGE_LOOP_ANALYSIS = YES;
				CLANG_WARN_STRICT_PROTOTYPES = YES;
				CLANG_WARN_SUSPICIOUS_MOVE = YES;
				CLANG_WARN_UNGUARDED_AVAILABILITY = YES_AGGRESSIVE;
				CLANG_WARN_UNREACHABLE_CODE = YES;
				CLANG_WARN__DUPLICATE_METHOD_MATCH = YES;
				COPY_PHASE_STRIP = NO;
				DEBUG_INFORMATION_FORMAT = dwarf;
				ENABLE_STRICT_OBJC_MSGSEND = YES;
				ENABLE_TESTABILITY = YES;
				ENABLE_USER_SCRIPT_SANDBOXING = YES;
				GCC_C_LANGUAGE_STANDARD = gnu17;
				GCC_DYNAMIC_NO_PIC = NO;
				GCC_NO_COMMON_BLOCKS = YES;
				GCC_OPTIMIZATION_LEVEL = 0;
				GCC_PREPROCESSOR_DEFINITIONS = (
					"DEBUG=1",
					"$(inherited)",
				);
				GCC_WARN_64_TO_32_BIT_CONVERSION = YES;
				GCC_WARN_ABOUT_RETURN_TYPE = YES_ERROR;
				GCC_WARN_UNDECLARED_SELECTOR = YES;
				GCC_WARN_UNINITIALIZED_AUTOS = YES_AGGRESSIVE;
				GCC_WARN_UNUSED_FUNCTION = YES;
				GCC_WARN_UNUSED_VARIABLE = YES;
				IPHONEOS_DEPLOYMENT_TARGET = 17.4;
				LOCALIZATION_PREFERS_STRING_CATALOGS = YES;
				MTL_ENABLE_DEBUG_INFO = INCLUDE_SOURCE;
				MTL_FAST_MATH = YES;
				ONLY_ACTIVE_ARCH = YES;
				SDKROOT = iphoneos;
				SWIFT_ACTIVE_COMPILATION_CONDITIONS = "DEBUG $(inherited)";
				SWIFT_OPTIMIZATION_LEVEL = "-Onone";
			};
			name = Debug;
		};
		3D6F85202BE5826400C12B15 /* Release */ = {
			isa = XCBuildConfiguration;
			buildSettings = {
				ALWAYS_SEARCH_USER_PATHS = NO;
				ASSETCATALOG_COMPILER_GENERATE_SWIFT_ASSET_SYMBOL_EXTENSIONS = YES;
				CLANG_ANALYZER_NONNULL = YES;
				CLANG_ANALYZER_NUMBER_OBJECT_CONVERSION = YES_AGGRESSIVE;
				CLANG_CXX_LANGUAGE_STANDARD = "gnu++20";
				CLANG_ENABLE_MODULES = YES;
				CLANG_ENABLE_OBJC_ARC = YES;
				CLANG_ENABLE_OBJC_WEAK = YES;
				CLANG_WARN_BLOCK_CAPTURE_AUTORELEASING = YES;
				CLANG_WARN_BOOL_CONVERSION = YES;
				CLANG_WARN_COMMA = YES;
				CLANG_WARN_CONSTANT_CONVERSION = YES;
				CLANG_WARN_DEPRECATED_OBJC_IMPLEMENTATIONS = YES;
				CLANG_WARN_DIRECT_OBJC_ISA_USAGE = YES_ERROR;
				CLANG_WARN_DOCUMENTATION_COMMENTS = YES;
				CLANG_WARN_EMPTY_BODY = YES;
				CLANG_WARN_ENUM_CONVERSION = YES;
				CLANG_WARN_INFINITE_RECURSION = YES;
				CLANG_WARN_INT_CONVERSION = YES;
				CLANG_WARN_NON_LITERAL_NULL_CONVERSION = YES;
				CLANG_WARN_OBJC_IMPLICIT_RETAIN_SELF = YES;
				CLANG_WARN_OBJC_LITERAL_CONVERSION = YES;
				CLANG_WARN_OBJC_ROOT_CLASS = YES_ERROR;
				CLANG_WARN_QUOTED_INCLUDE_IN_FRAMEWORK_HEADER = YES;
				CLANG_WARN_RANGE_LOOP_ANALYSIS = YES;
				CLANG_WARN_STRICT_PROTOTYPES = YES;
				CLANG_WARN_SUSPICIOUS_MOVE = YES;
				CLANG_WARN_UNGUARDED_AVAILABILITY = YES_AGGRESSIVE;
				CLANG_WARN_UNREACHABLE_CODE = YES;
				CLANG_WARN__DUPLICATE_METHOD_MATCH = YES;
				COPY_PHASE_STRIP = NO;
				DEBUG_INFORMATION_FORMAT = "dwarf-with-dsym";
				ENABLE_NS_ASSERTIONS = NO;
				ENABLE_STRICT_OBJC_MSGSEND = YES;
				ENABLE_USER_SCRIPT_SANDBOXING = YES;
				GCC_C_LANGUAGE_STANDARD = gnu17;
				GCC_NO_COMMON_BLOCKS = YES;
				GCC_WARN_64_TO_32_BIT_CONVERSION = YES;
				GCC_WARN_ABOUT_RETURN_TYPE = YES_ERROR;
				GCC_WARN_UNDECLARED_SELECTOR = YES;
				GCC_WARN_UNINITIALIZED_AUTOS = YES_AGGRESSIVE;
				GCC_WARN_UNUSED_FUNCTION = YES;
				GCC_WARN_UNUSED_VARIABLE = YES;
				IPHONEOS_DEPLOYMENT_TARGET = 17.4;
				LOCALIZATION_PREFERS_STRING_CATALOGS = YES;
				MTL_ENABLE_DEBUG_INFO = NO;
				MTL_FAST_MATH = YES;
				SDKROOT = iphoneos;
				SWIFT_COMPILATION_MODE = wholemodule;
				VALIDATE_PRODUCT = YES;
			};
			name = Release;
		};
		3D6F85222BE5826400C12B15 /* Debug */ = {
			isa = XCBuildConfiguration;
			buildSettings = {
				ASSETCATALOG_COMPILER_APPICON_NAME = AppIcon;
				ASSETCATALOG_COMPILER_GLOBAL_ACCENT_COLOR_NAME = AccentColor;
				CODE_SIGN_STYLE = Automatic;
				CURRENT_PROJECT_VERSION = 1;
				DEVELOPMENT_ASSET_PATHS = "\"SpoilPet/Preview Content\"";
				DEVELOPMENT_TEAM = 8TW2H559F9;
				ENABLE_PREVIEWS = YES;
				GENERATE_INFOPLIST_FILE = YES;
				INFOPLIST_KEY_UIApplicationSceneManifest_Generation = YES;
				INFOPLIST_KEY_UIApplicationSupportsIndirectInputEvents = YES;
				INFOPLIST_KEY_UILaunchScreen_Generation = YES;
				INFOPLIST_KEY_UISupportedInterfaceOrientations_iPad = "UIInterfaceOrientationPortrait UIInterfaceOrientationPortraitUpsideDown UIInterfaceOrientationLandscapeLeft UIInterfaceOrientationLandscapeRight";
				INFOPLIST_KEY_UISupportedInterfaceOrientations_iPhone = "UIInterfaceOrientationPortrait UIInterfaceOrientationLandscapeLeft UIInterfaceOrientationLandscapeRight";
				LD_RUNPATH_SEARCH_PATHS = (
					"$(inherited)",
					"@executable_path/Frameworks",
				);
				MARKETING_VERSION = 1.0;
				PRODUCT_BUNDLE_IDENTIFIER = com.AlexRyan.SpoilPet;
				PRODUCT_NAME = "$(TARGET_NAME)";
				SWIFT_EMIT_LOC_STRINGS = YES;
				SWIFT_VERSION = 5.0;
				TARGETED_DEVICE_FAMILY = "1,2";
			};
			name = Debug;
		};
		3D6F85232BE5826400C12B15 /* Release */ = {
			isa = XCBuildConfiguration;
			buildSettings = {
				ASSETCATALOG_COMPILER_APPICON_NAME = AppIcon;
				ASSETCATALOG_COMPILER_GLOBAL_ACCENT_COLOR_NAME = AccentColor;
				CODE_SIGN_STYLE = Automatic;
				CURRENT_PROJECT_VERSION = 1;
				DEVELOPMENT_ASSET_PATHS = "\"SpoilPet/Preview Content\"";
				DEVELOPMENT_TEAM = 8TW2H559F9;
				ENABLE_PREVIEWS = YES;
				GENERATE_INFOPLIST_FILE = YES;
				INFOPLIST_KEY_UIApplicationSceneManifest_Generation = YES;
				INFOPLIST_KEY_UIApplicationSupportsIndirectInputEvents = YES;
				INFOPLIST_KEY_UILaunchScreen_Generation = YES;
				INFOPLIST_KEY_UISupportedInterfaceOrientations_iPad = "UIInterfaceOrientationPortrait UIInterfaceOrientationPortraitUpsideDown UIInterfaceOrientationLandscapeLeft UIInterfaceOrientationLandscapeRight";
				INFOPLIST_KEY_UISupportedInterfaceOrientations_iPhone = "UIInterfaceOrientationPortrait UIInterfaceOrientationLandscapeLeft UIInterfaceOrientationLandscapeRight";
				LD_RUNPATH_SEARCH_PATHS = (
					"$(inherited)",
					"@executable_path/Frameworks",
				);
				MARKETING_VERSION = 1.0;
				PRODUCT_BUNDLE_IDENTIFIER = com.AlexRyan.SpoilPet;
				PRODUCT_NAME = "$(TARGET_NAME)";
				SWIFT_EMIT_LOC_STRINGS = YES;
				SWIFT_VERSION = 5.0;
				TARGETED_DEVICE_FAMILY = "1,2";
			};
			name = Release;
		};
/* End XCBuildConfiguration section */

/* Begin XCConfigurationList section */
		3D6F850E2BE5826300C12B15 /* Build configuration list for PBXProject "SpoilPet" */ = {
			isa = XCConfigurationList;
			buildConfigurations = (
				3D6F851F2BE5826400C12B15 /* Debug */,
				3D6F85202BE5826400C12B15 /* Release */,
			);
			defaultConfigurationIsVisible = 0;
			defaultConfigurationName = Release;
		};
		3D6F85212BE5826400C12B15 /* Build configuration list for PBXNativeTarget "SpoilPet" */ = {
			isa = XCConfigurationList;
			buildConfigurations = (
				3D6F85222BE5826400C12B15 /* Debug */,
				3D6F85232BE5826400C12B15 /* Release */,
			);
			defaultConfigurationIsVisible = 0;
			defaultConfigurationName = Release;
		};
/* End XCConfigurationList section */

/* Begin XCRemoteSwiftPackageReference section */
		3D6F852A2BE5838D00C12B15 /* XCRemoteSwiftPackageReference "SwiftfulRouting" */ = {
			isa = XCRemoteSwiftPackageReference;
			repositoryURL = "https://github.com/SwiftfulThinking/SwiftfulRouting.git";
			requirement = {
				kind = upToNextMajorVersion;
				minimumVersion = 5.3.2;
			};
		};
		3D6F852D2BE5839500C12B15 /* XCRemoteSwiftPackageReference "SwiftfulUI" */ = {
			isa = XCRemoteSwiftPackageReference;
			repositoryURL = "https://github.com/SwiftfulThinking/SwiftfulUI.git";
			requirement = {
				kind = upToNextMajorVersion;
				minimumVersion = 1.2.0;
			};
		};
		3D6F85322BE5895900C12B15 /* XCRemoteSwiftPackageReference "SDWebImageSwiftUI" */ = {
			isa = XCRemoteSwiftPackageReference;
			repositoryURL = "https://github.com/SDWebImage/SDWebImageSwiftUI.git";
			requirement = {
				kind = upToNextMajorVersion;
				minimumVersion = 3.0.4;
			};
		};
/* End XCRemoteSwiftPackageReference section */

/* Begin XCSwiftPackageProductDependency section */
		3D6F852B2BE5838D00C12B15 /* SwiftfulRouting */ = {
			isa = XCSwiftPackageProductDependency;
			package = 3D6F852A2BE5838D00C12B15 /* XCRemoteSwiftPackageReference "SwiftfulRouting" */;
			productName = SwiftfulRouting;
		};
		3D6F852E2BE5839500C12B15 /* SwiftfulUI */ = {
			isa = XCSwiftPackageProductDependency;
			package = 3D6F852D2BE5839500C12B15 /* XCRemoteSwiftPackageReference "SwiftfulUI" */;
			productName = SwiftfulUI;
		};
		3D6F85332BE5895900C12B15 /* SDWebImageSwiftUI */ = {
			isa = XCSwiftPackageProductDependency;
			package = 3D6F85322BE5895900C12B15 /* XCRemoteSwiftPackageReference "SDWebImageSwiftUI" */;
			productName = SDWebImageSwiftUI;
		};
/* End XCSwiftPackageProductDependency section */
	};
	rootObject = 3D6F850B2BE5826300C12B15 /* Project object */;
}
